
Microsoft Visual Studio Solution File, Format Version 12.00
# Visual Studio Version 16
VisualStudioVersion = 16.0.29509.3
MinimumVisualStudioVersion = 10.0.40219.1
Project("{FAE04EC0-301F-11D3-BF4B-00C04F79EFBC}") = "Ptut_DeepLearning", "Ptut_DeepLearning\Ptut_DeepLearning.csproj", "{50E600F2-CA04-4034-B72B-561995628C39}"
EndProject
Global
	GlobalSection(SolutionConfigurationPlatforms) = preSolution
		Debug|Any CPU = Debug|Any CPU
		Release|Any CPU = Release|Any CPU
	EndGlobalSection
	GlobalSection(ProjectConfigurationPlatforms) = postSolution
		{50E600F2-CA04-4034-B72B-561995628C39}.Debug|Any CPU.ActiveCfg = Debug|Any CPU
		{50E600F2-CA04-4034-B72B-561995628C39}.Debug|Any CPU.Build.0 = Debug|Any CPU
		{50E600F2-CA04-4034-B72B-561995628C39}.Release|Any CPU.ActiveCfg = Release|Any CPU
		{50E600F2-CA04-4034-B72B-561995628C39}.Release|Any CPU.Build.0 = Release|Any CPU
	EndGlobalSection
	GlobalSection(SolutionProperties) = preSolution
		HideSolutionNode = FALSE
	EndGlobalSection
	GlobalSection(ExtensibilityGlobals) = postSolution
		SolutionGuid = {AF3588E6-3D1F-49B5-95C2-54D6167D5601}
	EndGlobalSection
EndGlobal
